
Microsoft Visual Studio Solution File, Format Version 12.00
# Visual Studio Version 17
VisualStudioVersion = 17.4.33103.184
MinimumVisualStudioVersion = 10.0.40219.1
Project("{FAE04EC0-301F-11D3-BF4B-00C04F79EFBC}") = "CommandPatternRemoteControl", "CommandPatternRemoteControl.csproj", "{DEF7CA18-2D33-4BCE-BCDF-1CF7DC64AC5B}"
EndProject
Global
	GlobalSection(SolutionConfigurationPlatforms) = preSolution
		Debug|Any CPU = Debug|Any CPU
		Release|Any CPU = Release|Any CPU
	EndGlobalSection
	GlobalSection(ProjectConfigurationPlatforms) = postSolution
		{DEF7CA18-2D33-4BCE-BCDF-1CF7DC64AC5B}.Debug|Any CPU.ActiveCfg = Debug|Any CPU
		{DEF7CA18-2D33-4BCE-BCDF-1CF7DC64AC5B}.Debug|Any CPU.Build.0 = Debug|Any CPU
		{DEF7CA18-2D33-4BCE-BCDF-1CF7DC64AC5B}.Release|Any CPU.ActiveCfg = Release|Any CPU
		{DEF7CA18-2D33-4BCE-BCDF-1CF7DC64AC5B}.Release|Any CPU.Build.0 = Release|Any CPU
	EndGlobalSection
	GlobalSection(SolutionProperties) = preSolution
		HideSolutionNode = FALSE
	EndGlobalSection
	GlobalSection(ExtensibilityGlobals) = postSolution
		SolutionGuid = {2E38978C-51D7-4F8B-B211-FE7750D62106}
	EndGlobalSection
EndGlobal
